
Microsoft Visual Studio Solution File, Format Version 12.00
# Visual Studio Version 16
VisualStudioVersion = 16.0.29806.167
MinimumVisualStudioVersion = 10.0.40219.1
Project("{9A19103F-16F7-4668-BE54-9A1E7A4F7556}") = "ReporteIncidentes.WebAPI", "ReporteIncidentes.WebAPI\ReporteIncidentes.WebAPI.csproj", "{B79572F8-CCB6-49DA-8633-38F14F424B01}"
EndProject
Project("{9A19103F-16F7-4668-BE54-9A1E7A4F7556}") = "ReporteIncidentes.Entities", "ReporteIncidentes.Entities\ReporteIncidentes.Entities.csproj", "{E33DCA48-E463-4F3D-A693-556C20105517}"
EndProject
Project("{FAE04EC0-301F-11D3-BF4B-00C04F79EFBC}") = "ReportesIncidentes.BL", "ReportesIncidentes.BL\ReportesIncidentes.BL.csproj", "{D52199FB-5D0E-4B77-AB42-88B49BD0741E}"
EndProject
Project("{FAE04EC0-301F-11D3-BF4B-00C04F79EFBC}") = "ReporteIncidentes.DAL", "ReporteIncidentes.DAL\ReporteIncidentes.DAL.csproj", "{F5B0C29B-D9FF-488A-BAD3-1C55B480FF5D}"
EndProject
Global
	GlobalSection(SolutionConfigurationPlatforms) = preSolution
		Debug|Any CPU = Debug|Any CPU
		Release|Any CPU = Release|Any CPU
	EndGlobalSection
	GlobalSection(ProjectConfigurationPlatforms) = postSolution
		{B79572F8-CCB6-49DA-8633-38F14F424B01}.Debug|Any CPU.ActiveCfg = Debug|Any CPU
		{B79572F8-CCB6-49DA-8633-38F14F424B01}.Debug|Any CPU.Build.0 = Debug|Any CPU
		{B79572F8-CCB6-49DA-8633-38F14F424B01}.Release|Any CPU.ActiveCfg = Release|Any CPU
		{B79572F8-CCB6-49DA-8633-38F14F424B01}.Release|Any CPU.Build.0 = Release|Any CPU
		{E33DCA48-E463-4F3D-A693-556C20105517}.Debug|Any CPU.ActiveCfg = Debug|Any CPU
		{E33DCA48-E463-4F3D-A693-556C20105517}.Debug|Any CPU.Build.0 = Debug|Any CPU
		{E33DCA48-E463-4F3D-A693-556C20105517}.Release|Any CPU.ActiveCfg = Release|Any CPU
		{E33DCA48-E463-4F3D-A693-556C20105517}.Release|Any CPU.Build.0 = Release|Any CPU
		{D52199FB-5D0E-4B77-AB42-88B49BD0741E}.Debug|Any CPU.ActiveCfg = Debug|Any CPU
		{D52199FB-5D0E-4B77-AB42-88B49BD0741E}.Debug|Any CPU.Build.0 = Debug|Any CPU
		{D52199FB-5D0E-4B77-AB42-88B49BD0741E}.Release|Any CPU.ActiveCfg = Release|Any CPU
		{D52199FB-5D0E-4B77-AB42-88B49BD0741E}.Release|Any CPU.Build.0 = Release|Any CPU
		{F5B0C29B-D9FF-488A-BAD3-1C55B480FF5D}.Debug|Any CPU.ActiveCfg = Debug|Any CPU
		{F5B0C29B-D9FF-488A-BAD3-1C55B480FF5D}.Debug|Any CPU.Build.0 = Debug|Any CPU
		{F5B0C29B-D9FF-488A-BAD3-1C55B480FF5D}.Release|Any CPU.ActiveCfg = Release|Any CPU
		{F5B0C29B-D9FF-488A-BAD3-1C55B480FF5D}.Release|Any CPU.Build.0 = Release|Any CPU
	EndGlobalSection
	GlobalSection(SolutionProperties) = preSolution
		HideSolutionNode = FALSE
	EndGlobalSection
	GlobalSection(ExtensibilityGlobals) = postSolution
		SolutionGuid = {4C36022A-5F64-4D76-B19B-05FD80B53283}
	EndGlobalSection
EndGlobal
